github.com/Ftotnem/Backend/go/shared/api v0.0.0-20250527153451-3d298d427332 h1:6PlE/mu2831MWsj220JuST0k3jsIfPOUgykwmsZOQzw=
github.com/Ftotnem/Backend/go/shared/api v0.0.0-20250527153451-3d298d427332/go.mod h1:vatS9TlOOj9eVQ6sH8NxwUq9buJLCNQnSt7t3Ts71Pg=
github.com/Ftotnem/Backend/go/shared/models v0.0.0-20250527153451-3d298d427332 h1:IMv9EVCDhejGftFkDKyKd8pHLgzSMPdfYZkw+sNQLps=
github.com/Ftotnem/Backend/go/shared/models v0.0.0-20250527153451-3d298d427332/go.mod h1:y2mktNfyWATDj8QpGp64iFUh08tw4Nk096f0VReHcTM=
github.com/google/uuid v1.6.0 h1:NIvaJDMOsjHA8n1jAhLSgzrAzy1Hgr+hNrb57e+94F0=
github.com/google/uuid v1.6.0/go.mod h1:TIyPZe4MgqvfeYDBFedMoGGpEw/LqOeaOT+nhxU+yHo=
github.com/gorilla/mux v1.8.1 h1:TuBL49tXwgrFYWhqrNgrUNEY92u81SPhu7sTdzQEiWY=
github.com/gorilla/mux v1.8.1/go.mod h1:AKf9I4AEqPTmMytcMc0KkNouC66V3BtZ4qD5fmWSiMQ=
